// !$*UTF8*$!
{
	archiveVersion = 1;
	classes = {
	};
	objectVersion = 77;
	objects = {

/* Begin PBXContainerItemProxy section */
		9712CFA52D40F4EE009EF076 /* PBXContainerItemProxy */ = {
			isa = PBXContainerItemProxy;
			containerPortal = 9712CF8C2D40F4EC009EF076 /* Project object */;
			proxyType = 1;
			remoteGlobalIDString = 9712CF932D40F4EC009EF076;
			remoteInfo = Metal_LoopBlinn;
		};
		9712CFAF2D40F4EE009EF076 /* PBXContainerItemProxy */ = {
			isa = PBXContainerItemProxy;
			containerPortal = 9712CF8C2D40F4EC009EF076 /* Project object */;
			proxyType = 1;
			remoteGlobalIDString = 9712CF932D40F4EC009EF076;
			remoteInfo = Metal_LoopBlinn;
		};
/* End PBXContainerItemProxy section */

/* Begin PBXFileReference section */
		9712CF942D40F4EC009EF076 /* Metal_LoopBlinn.app */ = {isa = PBXFileReference; explicitFileType = wrapper.application; includeInIndex = 0; path = Metal_LoopBlinn.app; sourceTree = BUILT_PRODUCTS_DIR; };
		9712CFA42D40F4EE009EF076 /* Metal_LoopBlinnTests.xctest */ = {isa = PBXFileReference; explicitFileType = wrapper.cfbundle; includeInIndex = 0; path = Metal_LoopBlinnTests.xctest; sourceTree = BUILT_PRODUCTS_DIR; };
		9712CFAE2D40F4EE009EF076 /* Metal_LoopBlinnUITests.xctest */ = {isa = PBXFileReference; explicitFileType = wrapper.cfbundle; includeInIndex = 0; path = Metal_LoopBlinnUITests.xctest; sourceTree = BUILT_PRODUCTS_DIR; };
/* End PBXFileReference section */

/* Begin PBXFileSystemSynchronizedRootGroup section */
		9712CF962D40F4EC009EF076 /* Metal_LoopBlinn */ = {
			isa = PBXFileSystemSynchronizedRootGroup;
			path = Metal_LoopBlinn;
			sourceTree = "<group>";
		};
		9712CFA72D40F4EE009EF076 /* Metal_LoopBlinnTests */ = {
			isa = PBXFileSystemSynchronizedRootGroup;
			path = Metal_LoopBlinnTests;
			sourceTree = "<group>";
		};
		9712CFB12D40F4EE009EF076 /* Metal_LoopBlinnUITests */ = {
			isa = PBXFileSystemSynchronizedRootGroup;
			path = Metal_LoopBlinnUITests;
			sourceTree = "<group>";
		};
/* End PBXFileSystemSynchronizedRootGroup section */

/* Begin PBXFrameworksBuildPhase section */
		9712CF912D40F4EC009EF076 /* Frameworks */ = {
			isa = PBXFrameworksBuildPhase;
			buildActionMask = 2147483647;
			files = (
			);
			runOnlyForDeploymentPostprocessing = 0;
		};
		9712CFA12D40F4EE009EF076 /* Frameworks */ = {
			isa = PBXFrameworksBuildPhase;
			buildActionMask = 2147483647;
			files = (
			);
			runOnlyForDeploymentPostprocessing = 0;
		};
		9712CFAB2D40F4EE009EF076 /* Frameworks */ = {
			isa = PBXFrameworksBuildPhase;
			buildActionMask = 2147483647;
			files = (
			);
			runOnlyForDeploymentPostprocessing = 0;
		};
/* End PBXFrameworksBuildPhase section */

/* Begin PBXGroup section */
		9712CF8B2D40F4EC009EF076 = {
			isa = PBXGroup;
			children = (
				9712CF962D40F4EC009EF076 /* Metal_LoopBlinn */,
				9712CFA72D40F4EE009EF076 /* Metal_LoopBlinnTests */,
				9712CFB12D40F4EE009EF076 /* Metal_LoopBlinnUITests */,
				9712CF952D40F4EC009EF076 /* Products */,
			);
			sourceTree = "<group>";
		};
		9712CF952D40F4EC009EF076 /* Products */ = {
			isa = PBXGroup;
			children = (
				9712CF942D40F4EC009EF076 /* Metal_LoopBlinn.app */,
				9712CFA42D40F4EE009EF076 /* Metal_LoopBlinnTests.xctest */,
				9712CFAE2D40F4EE009EF076 /* Metal_LoopBlinnUITests.xctest */,
			);
			name = Products;
			sourceTree = "<group>";
		};
/* End PBXGroup section */

/* Begin PBXNativeTarget section */
		9712CF932D40F4EC009EF076 /* Metal_LoopBlinn */ = {
			isa = PBXNativeTarget;
			buildConfigurationList = 9712CFB82D40F4EE009EF076 /* Build configuration list for PBXNativeTarget "Metal_LoopBlinn" */;
			buildPhases = (
				9712CF902D40F4EC009EF076 /* Sources */,
				9712CF912D40F4EC009EF076 /* Frameworks */,
				9712CF922D40F4EC009EF076 /* Resources */,
			);
			buildRules = (
			);
			dependencies = (
			);
			fileSystemSynchronizedGroups = (
				9712CF962D40F4EC009EF076 /* Metal_LoopBlinn */,
			);
			name = Metal_LoopBlinn;
			packageProductDependencies = (
			);
			productName = Metal_LoopBlinn;
			productReference = 9712CF942D40F4EC009EF076 /* Metal_LoopBlinn.app */;
			productType = "com.apple.product-type.application";
		};
		9712CFA32D40F4EE009EF076 /* Metal_LoopBlinnTests */ = {
			isa = PBXNativeTarget;
			buildConfigurationList = 9712CFBB2D40F4EE009EF076 /* Build configuration list for PBXNativeTarget "Metal_LoopBlinnTests" */;
			buildPhases = (
				9712CFA02D40F4EE009EF076 /* Sources */,
				9712CFA12D40F4EE009EF076 /* Frameworks */,
				9712CFA22D40F4EE009EF076 /* Resources */,
			);
			buildRules = (
			);
			dependencies = (
				9712CFA62D40F4EE009EF076 /* PBXTargetDependency */,
			);
			fileSystemSynchronizedGroups = (
				9712CFA72D40F4EE009EF076 /* Metal_LoopBlinnTests */,
			);
			name = Metal_LoopBlinnTests;
			packageProductDependencies = (
			);
			productName = Metal_LoopBlinnTests;
			productReference = 9712CFA42D40F4EE009EF076 /* Metal_LoopBlinnTests.xctest */;
			productType = "com.apple.product-type.bundle.unit-test";
		};
		9712CFAD2D40F4EE009EF076 /* Metal_LoopBlinnUITests */ = {
			isa = PBXNativeTarget;
			buildConfigurationList = 9712CFBE2D40F4EE009EF076 /* Build configuration list for PBXNativeTarget "Metal_LoopBlinnUITests" */;
			buildPhases = (
				9712CFAA2D40F4EE009EF076 /* Sources */,
				9712CFAB2D40F4EE009EF076 /* Frameworks */,
				9712CFAC2D40F4EE009EF076 /* Resources */,
			);
			buildRules = (
			);
			dependencies = (
				9712CFB02D40F4EE009EF076 /* PBXTargetDependency */,
			);
			fileSystemSynchronizedGroups = (
				9712CFB12D40F4EE009EF076 /* Metal_LoopBlinnUITests */,
			);
			name = Metal_LoopBlinnUITests;
			packageProductDependencies = (
			);
			productName = Metal_LoopBlinnUITests;
			productReference = 9712CFAE2D40F4EE009EF076 /* Metal_LoopBlinnUITests.xctest */;
			productType = "com.apple.product-type.bundle.ui-testing";
		};
/* End PBXNativeTarget section */

/* Begin PBXProject section */
		9712CF8C2D40F4EC009EF076 /* Project object */ = {
			isa = PBXProject;
			attributes = {
				BuildIndependentTargetsInParallel = 1;
				LastSwiftUpdateCheck = 1600;
				LastUpgradeCheck = 1600;
				TargetAttributes = {
					9712CF932D40F4EC009EF076 = {
						CreatedOnToolsVersion = 16.0;
					};
					9712CFA32D40F4EE009EF076 = {
						CreatedOnToolsVersion = 16.0;
						TestTargetID = 9712CF932D40F4EC009EF076;
					};
					9712CFAD2D40F4EE009EF076 = {
						CreatedOnToolsVersion = 16.0;
						TestTargetID = 9712CF932D40F4EC009EF076;
					};
				};
			};
			buildConfigurationList = 9712CF8F2D40F4EC009EF076 /* Build configuration list for PBXProject "Metal_LoopBlinn" */;
			developmentRegion = en;
			hasScannedForEncodings = 0;
			knownRegions = (
				en,
				Base,
			);
			mainGroup = 9712CF8B2D40F4EC009EF076;
			minimizedProjectReferenceProxies = 1;
			preferredProjectObjectVersion = 77;
			productRefGroup = 9712CF952D40F4EC009EF076 /* Products */;
			projectDirPath = "";
			projectRoot = "";
			targets = (
				9712CF932D40F4EC009EF076 /* Metal_LoopBlinn */,
				9712CFA32D40F4EE009EF076 /* Metal_LoopBlinnTests */,
				9712CFAD2D40F4EE009EF076 /* Metal_LoopBlinnUITests */,
			);
		};
/* End PBXProject section */

/* Begin PBXResourcesBuildPhase section */
		9712CF922D40F4EC009EF076 /* Resources */ = {
			isa = PBXResourcesBuildPhase;
			buildActionMask = 2147483647;
			files = (
			);
			runOnlyForDeploymentPostprocessing = 0;
		};
		9712CFA22D40F4EE009EF076 /* Resources */ = {
			isa = PBXResourcesBuildPhase;
			buildActionMask = 2147483647;
			files = (
			);
			runOnlyForDeploymentPostprocessing = 0;
		};
		9712CFAC2D40F4EE009EF076 /* Resources */ = {
			isa = PBXResourcesBuildPhase;
			buildActionMask = 2147483647;
			files = (
			);
			runOnlyForDeploymentPostprocessing = 0;
		};
/* End PBXResourcesBuildPhase section */

/* Begin PBXSourcesBuildPhase section */
		9712CF902D40F4EC009EF076 /* Sources */ = {
			isa = PBXSourcesBuildPhase;
			buildActionMask = 2147483647;
			files = (
			);
			runOnlyForDeploymentPostprocessing = 0;
		};
		9712CFA02D40F4EE009EF076 /* Sources */ = {
			isa = PBXSourcesBuildPhase;
			buildActionMask = 2147483647;
			files = (
			);
			runOnlyForDeploymentPostprocessing = 0;
		};
		9712CFAA2D40F4EE009EF076 /* Sources */ = {
			isa = PBXSourcesBuildPhase;
			buildActionMask = 2147483647;
			files = (
			);
			runOnlyForDeploymentPostprocessing = 0;
		};
/* End PBXSourcesBuildPhase section */

/* Begin PBXTargetDependency section */
		9712CFA62D40F4EE009EF076 /* PBXTargetDependency */ = {
			isa = PBXTargetDependency;
			target = 9712CF932D40F4EC009EF076 /* Metal_LoopBlinn */;
			targetProxy = 9712CFA52D40F4EE009EF076 /* PBXContainerItemProxy */;
		};
		9712CFB02D40F4EE009EF076 /* PBXTargetDependency */ = {
			isa = PBXTargetDependency;
			target = 9712CF932D40F4EC009EF076 /* Metal_LoopBlinn */;
			targetProxy = 9712CFAF2D40F4EE009EF076 /* PBXContainerItemProxy */;
		};
/* End PBXTargetDependency section */

/* Begin XCBuildConfiguration section */
		9712CFB62D40F4EE009EF076 /* Debug */ = {
			isa = XCBuildConfiguration;
			buildSettings = {
				ALWAYS_SEARCH_USER_PATHS = NO;
				ASSETCATALOG_COMPILER_GENERATE_SWIFT_ASSET_SYMBOL_EXTENSIONS = YES;
				CLANG_ANALYZER_NONNULL = YES;
				CLANG_ANALYZER_NUMBER_OBJECT_CONVERSION = YES_AGGRESSIVE;
				CLANG_CXX_LANGUAGE_STANDARD = "gnu++20";
				CLANG_ENABLE_MODULES = YES;
				CLANG_ENABLE_OBJC_ARC = YES;
				CLANG_ENABLE_OBJC_WEAK = YES;
				CLANG_WARN_BLOCK_CAPTURE_AUTORELEASING = YES;
				CLANG_WARN_BOOL_CONVERSION = YES;
				CLANG_WARN_COMMA = YES;
				CLANG_WARN_CONSTANT_CONVERSION = YES;
				CLANG_WARN_DEPRECATED_OBJC_IMPLEMENTATIONS = YES;
				CLANG_WARN_DIRECT_OBJC_ISA_USAGE = YES_ERROR;
				CLANG_WARN_DOCUMENTATION_COMMENTS = YES;
				CLANG_WARN_EMPTY_BODY = YES;
				CLANG_WARN_ENUM_CONVERSION = YES;
				CLANG_WARN_INFINITE_RECURSION = YES;
				CLANG_WARN_INT_CONVERSION = YES;
				CLANG_WARN_NON_LITERAL_NULL_CONVERSION = YES;
				CLANG_WARN_OBJC_IMPLICIT_RETAIN_SELF = YES;
				CLANG_WARN_OBJC_LITERAL_CONVERSION = YES;
				CLANG_WARN_OBJC_ROOT_CLASS = YES_ERROR;
				CLANG_WARN_QUOTED_INCLUDE_IN_FRAMEWORK_HEADER = YES;
				CLANG_WARN_RANGE_LOOP_ANALYSIS = YES;
				CLANG_WARN_STRICT_PROTOTYPES = YES;
				CLANG_WARN_SUSPICIOUS_MOVE = YES;
				CLANG_WARN_UNGUARDED_AVAILABILITY = YES_AGGRESSIVE;
				CLANG_WARN_UNREACHABLE_CODE = YES;
				CLANG_WARN__DUPLICATE_METHOD_MATCH = YES;
				COPY_PHASE_STRIP = NO;
				DEBUG_INFORMATION_FORMAT = dwarf;
				ENABLE_STRICT_OBJC_MSGSEND = YES;
				ENABLE_TESTABILITY = YES;
				ENABLE_USER_SCRIPT_SANDBOXING = YES;
				GCC_C_LANGUAGE_STANDARD = gnu17;
				GCC_DYNAMIC_NO_PIC = NO;
				GCC_NO_COMMON_BLOCKS = YES;
				GCC_OPTIMIZATION_LEVEL = 0;
				GCC_PREPROCESSOR_DEFINITIONS = (
					"DEBUG=1",
					"$(inherited)",
				);
				GCC_WARN_64_TO_32_BIT_CONVERSION = YES;
				GCC_WARN_ABOUT_RETURN_TYPE = YES_ERROR;
				GCC_WARN_UNDECLARED_SELECTOR = YES;
				GCC_WARN_UNINITIALIZED_AUTOS = YES_AGGRESSIVE;
				GCC_WARN_UNUSED_FUNCTION = YES;
				GCC_WARN_UNUSED_VARIABLE = YES;
				IPHONEOS_DEPLOYMENT_TARGET = 18.0;
				LOCALIZATION_PREFERS_STRING_CATALOGS = YES;
				MTL_ENABLE_DEBUG_INFO = INCLUDE_SOURCE;
				MTL_FAST_MATH = YES;
				ONLY_ACTIVE_ARCH = YES;
				SDKROOT = iphoneos;
				SWIFT_ACTIVE_COMPILATION_CONDITIONS = "DEBUG $(inherited)";
				SWIFT_OPTIMIZATION_LEVEL = "-Onone";
			};
			name = Debug;
		};
		9712CFB72D40F4EE009EF076 /* Release */ = {
			isa = XCBuildConfiguration;
			buildSettings = {
				ALWAYS_SEARCH_USER_PATHS = NO;
				ASSETCATALOG_COMPILER_GENERATE_SWIFT_ASSET_SYMBOL_EXTENSIONS = YES;
				CLANG_ANALYZER_NONNULL = YES;
				CLANG_ANALYZER_NUMBER_OBJECT_CONVERSION = YES_AGGRESSIVE;
				CLANG_CXX_LANGUAGE_STANDARD = "gnu++20";
				CLANG_ENABLE_MODULES = YES;
				CLANG_ENABLE_OBJC_ARC = YES;
				CLANG_ENABLE_OBJC_WEAK = YES;
				CLANG_WARN_BLOCK_CAPTURE_AUTORELEASING = YES;
				CLANG_WARN_BOOL_CONVERSION = YES;
				CLANG_WARN_COMMA = YES;
				CLANG_WARN_CONSTANT_CONVERSION = YES;
				CLANG_WARN_DEPRECATED_OBJC_IMPLEMENTATIONS = YES;
				CLANG_WARN_DIRECT_OBJC_ISA_USAGE = YES_ERROR;
				CLANG_WARN_DOCUMENTATION_COMMENTS = YES;
				CLANG_WARN_EMPTY_BODY = YES;
				CLANG_WARN_ENUM_CONVERSION = YES;
				CLANG_WARN_INFINITE_RECURSION = YES;
				CLANG_WARN_INT_CONVERSION = YES;
				CLANG_WARN_NON_LITERAL_NULL_CONVERSION = YES;
				CLANG_WARN_OBJC_IMPLICIT_RETAIN_SELF = YES;
				CLANG_WARN_OBJC_LITERAL_CONVERSION = YES;
				CLANG_WARN_OBJC_ROOT_CLASS = YES_ERROR;
				CLANG_WARN_QUOTED_INCLUDE_IN_FRAMEWORK_HEADER = YES;
				CLANG_WARN_RANGE_LOOP_ANALYSIS = YES;
				CLANG_WARN_STRICT_PROTOTYPES = YES;
				CLANG_WARN_SUSPICIOUS_MOVE = YES;
				CLANG_WARN_UNGUARDED_AVAILABILITY = YES_AGGRESSIVE;
				CLANG_WARN_UNREACHABLE_CODE = YES;
				CLANG_WARN__DUPLICATE_METHOD_MATCH = YES;
				COPY_PHASE_STRIP = NO;
				DEBUG_INFORMATION_FORMAT = "dwarf-with-dsym";
				ENABLE_NS_ASSERTIONS = NO;
				ENABLE_STRICT_OBJC_MSGSEND = YES;
				ENABLE_USER_SCRIPT_SANDBOXING = YES;
				GCC_C_LANGUAGE_STANDARD = gnu17;
				GCC_NO_COMMON_BLOCKS = YES;
				GCC_WARN_64_TO_32_BIT_CONVERSION = YES;
				GCC_WARN_ABOUT_RETURN_TYPE = YES_ERROR;
				GCC_WARN_UNDECLARED_SELECTOR = YES;
				GCC_WARN_UNINITIALIZED_AUTOS = YES_AGGRESSIVE;
				GCC_WARN_UNUSED_FUNCTION = YES;
				GCC_WARN_UNUSED_VARIABLE = YES;
				IPHONEOS_DEPLOYMENT_TARGET = 18.0;
				LOCALIZATION_PREFERS_STRING_CATALOGS = YES;
				MTL_ENABLE_DEBUG_INFO = NO;
				MTL_FAST_MATH = YES;
				SDKROOT = iphoneos;
				SWIFT_COMPILATION_MODE = wholemodule;
				VALIDATE_PRODUCT = YES;
			};
			name = Release;
		};
		9712CFB92D40F4EE009EF076 /* Debug */ = {
			isa = XCBuildConfiguration;
			buildSettings = {
				ASSETCATALOG_COMPILER_APPICON_NAME = AppIcon;
				ASSETCATALOG_COMPILER_GLOBAL_ACCENT_COLOR_NAME = AccentColor;
				CODE_SIGN_STYLE = Automatic;
				CURRENT_PROJECT_VERSION = 1;
				DEVELOPMENT_ASSET_PATHS = "\"Metal_LoopBlinn/Preview Content\"";
				DEVELOPMENT_TEAM = 29W96MTFDQ;
				ENABLE_PREVIEWS = YES;
				GENERATE_INFOPLIST_FILE = YES;
				INFOPLIST_KEY_UIApplicationSceneManifest_Generation = YES;
				INFOPLIST_KEY_UIApplicationSupportsIndirectInputEvents = YES;
				INFOPLIST_KEY_UILaunchScreen_Generation = YES;
				INFOPLIST_KEY_UISupportedInterfaceOrientations_iPad = "UIInterfaceOrientationPortrait UIInterfaceOrientationPortraitUpsideDown UIInterfaceOrientationLandscapeLeft UIInterfaceOrientationLandscapeRight";
				INFOPLIST_KEY_UISupportedInterfaceOrientations_iPhone = "UIInterfaceOrientationPortrait UIInterfaceOrientationLandscapeLeft UIInterfaceOrientationLandscapeRight";
				LD_RUNPATH_SEARCH_PATHS = (
					"$(inherited)",
					"@executable_path/Frameworks",
				);
				MARKETING_VERSION = 1.0;
				PRODUCT_BUNDLE_IDENTIFIER = "rdy.Metal-LoopBlinn";
				PRODUCT_NAME = "$(TARGET_NAME)";
				SWIFT_EMIT_LOC_STRINGS = YES;
				SWIFT_VERSION = 5.0;
				TARGETED_DEVICE_FAMILY = "1,2";
			};
			name = Debug;
		};
		9712CFBA2D40F4EE009EF076 /* Release */ = {
			isa = XCBuildConfiguration;
			buildSettings = {
				ASSETCATALOG_COMPILER_APPICON_NAME = AppIcon;
				ASSETCATALOG_COMPILER_GLOBAL_ACCENT_COLOR_NAME = AccentColor;
				CODE_SIGN_STYLE = Automatic;
				CURRENT_PROJECT_VERSION = 1;
				DEVELOPMENT_ASSET_PATHS = "\"Metal_LoopBlinn/Preview Content\"";
				DEVELOPMENT_TEAM = 29W96MTFDQ;
				ENABLE_PREVIEWS = YES;
				GENERATE_INFOPLIST_FILE = YES;
				INFOPLIST_KEY_UIApplicationSceneManifest_Generation = YES;
				INFOPLIST_KEY_UIApplicationSupportsIndirectInputEvents = YES;
				INFOPLIST_KEY_UILaunchScreen_Generation = YES;
				INFOPLIST_KEY_UISupportedInterfaceOrientations_iPad = "UIInterfaceOrientationPortrait UIInterfaceOrientationPortraitUpsideDown UIInterfaceOrientationLandscapeLeft UIInterfaceOrientationLandscapeRight";
				INFOPLIST_KEY_UISupportedInterfaceOrientations_iPhone = "UIInterfaceOrientationPortrait UIInterfaceOrientationLandscapeLeft UIInterfaceOrientationLandscapeRight";
				LD_RUNPATH_SEARCH_PATHS = (
					"$(inherited)",
					"@executable_path/Frameworks",
				);
				MARKETING_VERSION = 1.0;
				PRODUCT_BUNDLE_IDENTIFIER = "rdy.Metal-LoopBlinn";
				PRODUCT_NAME = "$(TARGET_NAME)";
				SWIFT_EMIT_LOC_STRINGS = YES;
				SWIFT_VERSION = 5.0;
				TARGETED_DEVICE_FAMILY = "1,2";
			};
			name = Release;
		};
		9712CFBC2D40F4EE009EF076 /* Debug */ = {
			isa = XCBuildConfiguration;
			buildSettings = {
				BUNDLE_LOADER = "$(TEST_HOST)";
				CODE_SIGN_STYLE = Automatic;
				CURRENT_PROJECT_VERSION = 1;
				DEVELOPMENT_TEAM = 29W96MTFDQ;
				GENERATE_INFOPLIST_FILE = YES;
				IPHONEOS_DEPLOYMENT_TARGET = 18.0;
				MARKETING_VERSION = 1.0;
				PRODUCT_BUNDLE_IDENTIFIER = "rdy.Metal-LoopBlinnTests";
				PRODUCT_NAME = "$(TARGET_NAME)";
				SWIFT_EMIT_LOC_STRINGS = NO;
				SWIFT_VERSION = 5.0;
				TARGETED_DEVICE_FAMILY = "1,2";
				TEST_HOST = "$(BUILT_PRODUCTS_DIR)/Metal_LoopBlinn.app/$(BUNDLE_EXECUTABLE_FOLDER_PATH)/Metal_LoopBlinn";
			};
			name = Debug;
		};
		9712CFBD2D40F4EE009EF076 /* Release */ = {
			isa = XCBuildConfiguration;
			buildSettings = {
				BUNDLE_LOADER = "$(TEST_HOST)";
				CODE_SIGN_STYLE = Automatic;
				CURRENT_PROJECT_VERSION = 1;
				DEVELOPMENT_TEAM = 29W96MTFDQ;
				GENERATE_INFOPLIST_FILE = YES;
				IPHONEOS_DEPLOYMENT_TARGET = 18.0;
				MARKETING_VERSION = 1.0;
				PRODUCT_BUNDLE_IDENTIFIER = "rdy.Metal-LoopBlinnTests";
				PRODUCT_NAME = "$(TARGET_NAME)";
				SWIFT_EMIT_LOC_STRINGS = NO;
				SWIFT_VERSION = 5.0;
				TARGETED_DEVICE_FAMILY = "1,2";
				TEST_HOST = "$(BUILT_PRODUCTS_DIR)/Metal_LoopBlinn.app/$(BUNDLE_EXECUTABLE_FOLDER_PATH)/Metal_LoopBlinn";
			};
			name = Release;
		};
		9712CFBF2D40F4EE009EF076 /* Debug */ = {
			isa = XCBuildConfiguration;
			buildSettings = {
				CODE_SIGN_STYLE = Automatic;
				CURRENT_PROJECT_VERSION = 1;
				DEVELOPMENT_TEAM = 29W96MTFDQ;
				GENERATE_INFOPLIST_FILE = YES;
				MARKETING_VERSION = 1.0;
				PRODUCT_BUNDLE_IDENTIFIER = "rdy.Metal-LoopBlinnUITests";
				PRODUCT_NAME = "$(TARGET_NAME)";
				SWIFT_EMIT_LOC_STRINGS = NO;
				SWIFT_VERSION = 5.0;
				TARGETED_DEVICE_FAMILY = "1,2";
				TEST_TARGET_NAME = Metal_LoopBlinn;
			};
			name = Debug;
		};
		9712CFC02D40F4EE009EF076 /* Release */ = {
			isa = XCBuildConfiguration;
			buildSettings = {
				CODE_SIGN_STYLE = Automatic;
				CURRENT_PROJECT_VERSION = 1;
				DEVELOPMENT_TEAM = 29W96MTFDQ;
				GENERATE_INFOPLIST_FILE = YES;
				MARKETING_VERSION = 1.0;
				PRODUCT_BUNDLE_IDENTIFIER = "rdy.Metal-LoopBlinnUITests";
				PRODUCT_NAME = "$(TARGET_NAME)";
				SWIFT_EMIT_LOC_STRINGS = NO;
				SWIFT_VERSION = 5.0;
				TARGETED_DEVICE_FAMILY = "1,2";
				TEST_TARGET_NAME = Metal_LoopBlinn;
			};
			name = Release;
		};
/* End XCBuildConfiguration section */

/* Begin XCConfigurationList section */
		9712CF8F2D40F4EC009EF076 /* Build configuration list for PBXProject "Metal_LoopBlinn" */ = {
			isa = XCConfigurationList;
			buildConfigurations = (
				9712CFB62D40F4EE009EF076 /* Debug */,
				9712CFB72D40F4EE009EF076 /* Release */,
			);
			defaultConfigurationIsVisible = 0;
			defaultConfigurationName = Release;
		};
		9712CFB82D40F4EE009EF076 /* Build configuration list for PBXNativeTarget "Metal_LoopBlinn" */ = {
			isa = XCConfigurationList;
			buildConfigurations = (
				9712CFB92D40F4EE009EF076 /* Debug */,
				9712CFBA2D40F4EE009EF076 /* Release */,
			);
			defaultConfigurationIsVisible = 0;
			defaultConfigurationName = Release;
		};
		9712CFBB2D40F4EE009EF076 /* Build configuration list for PBXNativeTarget "Metal_LoopBlinnTests" */ = {
			isa = XCConfigurationList;
			buildConfigurations = (
				9712CFBC2D40F4EE009EF076 /* Debug */,
				9712CFBD2D40F4EE009EF076 /* Release */,
			);
			defaultConfigurationIsVisible = 0;
			defaultConfigurationName = Release;
		};
		9712CFBE2D40F4EE009EF076 /* Build configuration list for PBXNativeTarget "Metal_LoopBlinnUITests" */ = {
			isa = XCConfigurationList;
			buildConfigurations = (
				9712CFBF2D40F4EE009EF076 /* Debug */,
				9712CFC02D40F4EE009EF076 /* Release */,
			);
			defaultConfigurationIsVisible = 0;
			defaultConfigurationName = Release;
		};
/* End XCConfigurationList section */
	};
	rootObject = 9712CF8C2D40F4EC009EF076 /* Project object */;
}
